PODS:
  - NSCateStringSubKit (0.1.0)

DEPENDENCIES:
  - NSCateStringSubKit (from `../`)

EXTERNAL SOURCES:
  NSCateStringSubKit:
    :path: "../"

SPEC CHECKSUMS:
  NSCateStringSubKit: b17784b0239879bc74d8124f5ab6cc4845d2b628

PODFILE CHECKSUM: 8445d42c856bf5779d86559b7ab71bfbf702d0db

COCOAPODS: 1.5.3
