PODS:
  - NSCateStringSubKit (0.1.0)

DEPENDENCIES:
  - NSCateStringSubKit (from `../`)

EXTERNAL SOURCES:
  NSCateStringSubKit:
    :path: "../"

SPEC CHECKSUMS:
  NSCateStringSubKit: 15b8b2242037771051a0a667368e99204dbd9d34

PODFILE CHECKSUM: 8445d42c856bf5779d86559b7ab71bfbf702d0db

COCOAPODS: 1.5.3
